{
  "nodes": {
    "gsim": {
      "inputs": {
        "nixpkgs": [
          "nixpkgs"
        ]
      },
      "locked": {
        "lastModified": 1787812752,
        "narHash": "sha256-faparIH0PN2ZbAKmsE7scymAi6KeiFV4yVYqAK6mt3c=",
        "owner": "OpenXiangShan",
        "repo": "gsim",
        "rev": "d650c50e34268ebf612683bf3f3bf1824af718b8",
        "type": "github"
      },
      "original": {
        "owner": "OpenXiangShan",
        "repo": "gsim",
        "type": "github"
      }
    },
    "nixpkgs": {
      "locked": {
        "lastModified": 1787848966,
        "narHash": "sha256-7gDpu5hpq0rOYnYMcOWqSzquK4HA/xU8Xf3CjUBOOJA=",
        "owner": "nixos",
        "repo": "nixpkgs",
        "rev": "d57af924f160a5084293c71c2043f058bd1cdb60",
        "type": "github"
      },
      "original": {
        "owner": "nixos",
        "ref": "nixos-26.05",
        "repo": "nixpkgs",
        "type": "github"
      }
    },
    "root": {
      "inputs": {
        "gsim": "gsim",
        "nixpkgs": "nixpkgs"
      }
    }
  },
  "root": "root",
  "version": 7
}
