{
  "nodes": {
    "gsim": {
      "inputs": {
        "nixpkgs": [
          "nixpkgs"
        ]
      },
      "locked": {
        "lastModified": 1788762712,
        "narHash": "sha256-U9f/fGTR/DOsfJMO5R69P/QNNZWfHcmT4ETRTWY2mDE=",
        "owner": "OpenXiangShan",
        "repo": "gsim",
        "rev": "a578960f2f9af1aa9e6fcc7f5504ab4268820cf7",
        "type": "github"
      },
      "original": {
        "owner": "OpenXiangShan",
        "repo": "gsim",
        "type": "github"
      }
    },
    "nixpkgs": {
      "locked": {
        "lastModified": 1787042014,
        "narHash": "sha256-lgnV/xeEatfEnPZG0RrXS0fhcr63p3tsVvL1GdaVkJQ=",
        "owner": "nixos",
        "repo": "nixpkgs",
        "rev": "c69ae8fb8faeb3472fd11234ba55a70ac3601f9b",
        "type": "github"
      },
      "original": {
        "owner": "nixos",
        "ref": "nixos-26.05",
        "repo": "nixpkgs",
        "type": "github"
      }
    },
    "root": {
      "inputs": {
        "gsim": "gsim",
        "nixpkgs": "nixpkgs"
      }
    }
  },
  "root": "root",
  "version": 7
}
