{
  "nodes": {
    "gsim": {
      "inputs": {
        "nixpkgs": [
          "nixpkgs"
        ]
      },
      "locked": {
        "lastModified": 1787025141,
        "narHash": "sha256-xhi6zHbzjfzvnTa/ynxQvnYCW65Ci5R7i4LgRYIcBpg=",
        "owner": "OpenXiangShan",
        "repo": "gsim",
        "rev": "70f2ab1dc9efd024bc4d5220e5714262dede90fa",
        "type": "github"
      },
      "original": {
        "owner": "OpenXiangShan",
        "repo": "gsim",
        "type": "github"
      }
    },
    "nixpkgs": {
      "locked": {
        "lastModified": 1779971959,
        "narHash": "sha256-R5nauXyqyfRUFiZycFFZdkF7wl6eaUpPLst35+2nJQY=",
        "owner": "nixos",
        "repo": "nixpkgs",
        "rev": "ec942ba042dad5ef097e2ef3a3effc034241f011",
        "type": "github"
      },
      "original": {
        "owner": "nixos",
        "ref": "nixos-26.05",
        "repo": "nixpkgs",
        "type": "github"
      }
    },
    "root": {
      "inputs": {
        "gsim": "gsim",
        "nixpkgs": "nixpkgs"
      }
    }
  },
  "root": "root",
  "version": 7
}
